// !$*UTF8*$!
{
	archiveVersion = 1;
	classes = {
	};
	objectVersion = 46;
	objects = {

/* Begin PBXBuildFile section */
		3280BC59627B887DBBB6F623 /* Pods_APITemp.framework in Frameworks */ = {isa = PBXBuildFile; fileRef = E995697743ACEC0972D4BC49 /* Pods_APITemp.framework */; };
		A573A2241F17393700C401D6 /* AppDelegate.swift in Sources */ = {isa = PBXBuildFile; fileRef = A573A2231F17393700C401D6 /* AppDelegate.swift */; };
		A573A2261F17393700C401D6 /* ViewController.swift in Sources */ = {isa = PBXBuildFile; fileRef = A573A2251F17393700C401D6 /* ViewController.swift */; };
		A573A2291F17393700C401D6 /* Main.storyboard in Resources */ = {isa = PBXBuildFile; fileRef = A573A2271F17393700C401D6 /* Main.storyboard */; };
		A573A22C1F17393700C401D6 /* APITemp.xcdatamodeld in Sources */ = {isa = PBXBuildFile; fileRef = A573A22A1F17393700C401D6 /* APITemp.xcdatamodeld */; };
		A573A22E1F17393700C401D6 /* Assets.xcassets in Resources */ = {isa = PBXBuildFile; fileRef = A573A22D1F17393700C401D6 /* Assets.xcassets */; };
		A573A2311F17393700C401D6 /* LaunchScreen.storyboard in Resources */ = {isa = PBXBuildFile; fileRef = A573A22F1F17393700C401D6 /* LaunchScreen.storyboard */; };
		A573A23C1F17393700C401D6 /* APITempTests.swift in Sources */ = {isa = PBXBuildFile; fileRef = A573A23B1F17393700C401D6 /* APITempTests.swift */; };
		A573A2471F17393700C401D6 /* APITempUITests.swift in Sources */ = {isa = PBXBuildFile; fileRef = A573A2461F17393700C401D6 /* APITempUITests.swift */; };
		A573A2551F173A6B00C401D6 /* Constants.swift in Sources */ = {isa = PBXBuildFile; fileRef = A573A2541F173A6B00C401D6 /* Constants.swift */; };
		A573A25A1F173D2600C401D6 /* Controller.swift in Sources */ = {isa = PBXBuildFile; fileRef = A573A2591F173D2600C401D6 /* Controller.swift */; };
		A573A25D1F17468100C401D6 /* Movie.swift in Sources */ = {isa = PBXBuildFile; fileRef = A573A25C1F17468100C401D6 /* Movie.swift */; };
		A5B3F6DC1F1777F100C62889 /* Protocol.swift in Sources */ = {isa = PBXBuildFile; fileRef = A5B3F6DB1F1777F100C62889 /* Protocol.swift */; };
/* End PBXBuildFile section */

/* Begin PBXContainerItemProxy section */
		A573A2381F17393700C401D6 /* PBXContainerItemProxy */ = {
			isa = PBXContainerItemProxy;
			containerPortal = A573A2181F17393600C401D6 /* Project object */;
			proxyType = 1;
			remoteGlobalIDString = A573A21F1F17393600C401D6;
			remoteInfo = APITemp;
		};
		A573A2431F17393700C401D6 /* PBXContainerItemProxy */ = {
			isa = PBXContainerItemProxy;
			containerPortal = A573A2181F17393600C401D6 /* Project object */;
			proxyType = 1;
			remoteGlobalIDString = A573A21F1F17393600C401D6;
			remoteInfo = APITemp;
		};
/* End PBXContainerItemProxy section */

/* Begin PBXFileReference section */
		620C40569F562AE53B632913 /* Pods-APITemp.debug.xcconfig */ = {isa = PBXFileReference; includeInIndex = 1; lastKnownFileType = text.xcconfig; name = "Pods-APITemp.debug.xcconfig"; path = "Pods/Target Support Files/Pods-APITemp/Pods-APITemp.debug.xcconfig"; sourceTree = "<group>"; };
		A573A2201F17393600C401D6 /* APITemp.app */ = {isa = PBXFileReference; explicitFileType = wrapper.application; includeInIndex = 0; path = APITemp.app; sourceTree = BUILT_PRODUCTS_DIR; };
		A573A2231F17393700C401D6 /* AppDelegate.swift */ = {isa = PBXFileReference; lastKnownFileType = sourcecode.swift; path = AppDelegate.swift; sourceTree = "<group>"; };
		A573A2251F17393700C401D6 /* ViewController.swift */ = {isa = PBXFileReference; lastKnownFileType = sourcecode.swift; path = ViewController.swift; sourceTree = "<group>"; };
		A573A2281F17393700C401D6 /* Base */ = {isa = PBXFileReference; lastKnownFileType = file.storyboard; name = Base; path = Base.lproj/Main.storyboard; sourceTree = "<group>"; };
		A573A22B1F17393700C401D6 /* APITemp.xcdatamodel */ = {isa = PBXFileReference; lastKnownFileType = wrapper.xcdatamodel; path = APITemp.xcdatamodel; sourceTree = "<group>"; };
		A573A22D1F17393700C401D6 /* Assets.xcassets */ = {isa = PBXFileReference; lastKnownFileType = folder.assetcatalog; path = Assets.xcassets; sourceTree = "<group>"; };
		A573A2301F17393700C401D6 /* Base */ = {isa = PBXFileReference; lastKnownFileType = file.storyboard; name = Base; path = Base.lproj/LaunchScreen.storyboard; sourceTree = "<group>"; };
		A573A2321F17393700C401D6 /* Info.plist */ = {isa = PBXFileReference; lastKnownFileType = text.plist.xml; path = Info.plist; sourceTree = "<group>"; };
		A573A2371F17393700C401D6 /* APITempTests.xctest */ = {isa = PBXFileReference; explicitFileType = wrapper.cfbundle; includeInIndex = 0; path = APITempTests.xctest; sourceTree = BUILT_PRODUCTS_DIR; };
		A573A23B1F17393700C401D6 /* APITempTests.swift */ = {isa = PBXFileReference; lastKnownFileType = sourcecode.swift; path = APITempTests.swift; sourceTree = "<group>"; };
		A573A23D1F17393700C401D6 /* Info.plist */ = {isa = PBXFileReference; lastKnownFileType = text.plist.xml; path = Info.plist; sourceTree = "<group>"; };
		A573A2421F17393700C401D6 /* APITempUITests.xctest */ = {isa = PBXFileReference; explicitFileType = wrapper.cfbundle; includeInIndex = 0; path = APITempUITests.xctest; sourceTree = BUILT_PRODUCTS_DIR; };
		A573A2461F17393700C401D6 /* APITempUITests.swift */ = {isa = PBXFileReference; lastKnownFileType = sourcecode.swift; path = APITempUITests.swift; sourceTree = "<group>"; };
		A573A2481F17393700C401D6 /* Info.plist */ = {isa = PBXFileReference; lastKnownFileType = text.plist.xml; path = Info.plist; sourceTree = "<group>"; };
		A573A2541F173A6B00C401D6 /* Constants.swift */ = {isa = PBXFileReference; fileEncoding = 4; lastKnownFileType = sourcecode.swift; name = Constants.swift; path = "Static Files/Constants.swift"; sourceTree = "<group>"; };
		A573A2591F173D2600C401D6 /* Controller.swift */ = {isa = PBXFileReference; fileEncoding = 4; lastKnownFileType = sourcecode.swift; path = Controller.swift; sourceTree = "<group>"; };
		A573A25C1F17468100C401D6 /* Movie.swift */ = {isa = PBXFileReference; fileEncoding = 4; lastKnownFileType = sourcecode.swift; name = Movie.swift; path = Models/Movie.swift; sourceTree = "<group>"; };
		A5B3F6DB1F1777F100C62889 /* Protocol.swift */ = {isa = PBXFileReference; fileEncoding = 4; lastKnownFileType = sourcecode.swift; name = Protocol.swift; path = Protocols/Protocol.swift; sourceTree = "<group>"; };
		CED9E3FDA9489F87D949045A /* Pods-APITemp.release.xcconfig */ = {isa = PBXFileReference; includeInIndex = 1; lastKnownFileType = text.xcconfig; name = "Pods-APITemp.release.xcconfig"; path = "Pods/Target Support Files/Pods-APITemp/Pods-APITemp.release.xcconfig"; sourceTree = "<group>"; };
		E995697743ACEC0972D4BC49 /* Pods_APITemp.framework */ = {isa = PBXFileReference; explicitFileType = wrapper.framework; includeInIndex = 0; path = Pods_APITemp.framework; sourceTree = BUILT_PRODUCTS_DIR; };
/* End PBXFileReference section */

/* Begin PBXFrameworksBuildPhase section */
		A573A21D1F17393600C401D6 /* Frameworks */ = {
			isa = PBXFrameworksBuildPhase;
			buildActionMask = 2147483647;
			files = (
				3280BC59627B887DBBB6F623 /* Pods_APITemp.framework in Frameworks */,
			);
			runOnlyForDeploymentPostprocessing = 0;
		};
		A573A2341F17393700C401D6 /* Frameworks */ = {
			isa = PBXFrameworksBuildPhase;
			buildActionMask = 2147483647;
			files = (
			);
			runOnlyForDeploymentPostprocessing = 0;
		};
		A573A23F1F17393700C401D6 /* Frameworks */ = {
			isa = PBXFrameworksBuildPhase;
			buildActionMask = 2147483647;
			files = (
			);
			runOnlyForDeploymentPostprocessing = 0;
		};
/* End PBXFrameworksBuildPhase section */

/* Begin PBXGroup section */
		92BE8A57D500B9C4EEEF6F2A /* Frameworks */ = {
			isa = PBXGroup;
			children = (
				E995697743ACEC0972D4BC49 /* Pods_APITemp.framework */,
			);
			name = Frameworks;
			sourceTree = "<group>";
		};
		9B42CC352EA429710316B367 /* Pods */ = {
			isa = PBXGroup;
			children = (
				620C40569F562AE53B632913 /* Pods-APITemp.debug.xcconfig */,
				CED9E3FDA9489F87D949045A /* Pods-APITemp.release.xcconfig */,
			);
			name = Pods;
			sourceTree = "<group>";
		};
		A573A2171F17393600C401D6 = {
			isa = PBXGroup;
			children = (
				A573A2221F17393600C401D6 /* APITemp */,
				A573A23A1F17393700C401D6 /* APITempTests */,
				A573A2451F17393700C401D6 /* APITempUITests */,
				A573A2211F17393600C401D6 /* Products */,
				9B42CC352EA429710316B367 /* Pods */,
				92BE8A57D500B9C4EEEF6F2A /* Frameworks */,
			);
			sourceTree = "<group>";
		};
		A573A2211F17393600C401D6 /* Products */ = {
			isa = PBXGroup;
			children = (
				A573A2201F17393600C401D6 /* APITemp.app */,
				A573A2371F17393700C401D6 /* APITempTests.xctest */,
				A573A2421F17393700C401D6 /* APITempUITests.xctest */,
			);
			name = Products;
			sourceTree = "<group>";
		};
		A573A2221F17393600C401D6 /* APITemp */ = {
			isa = PBXGroup;
			children = (
				A5B3F6DA1F17774C00C62889 /* Protocol */,
				A573A25B1F17466400C401D6 /* Models */,
				A573A2581F173D1700C401D6 /* Controller */,
				A573A2571F173CFC00C401D6 /* ViewController */,
				A573A2561F173A7D00C401D6 /* Static Files */,
				A573A2231F17393700C401D6 /* AppDelegate.swift */,
				A573A2271F17393700C401D6 /* Main.storyboard */,
				A573A22D1F17393700C401D6 /* Assets.xcassets */,
				A573A22F1F17393700C401D6 /* LaunchScreen.storyboard */,
				A573A2321F17393700C401D6 /* Info.plist */,
				A573A22A1F17393700C401D6 /* APITemp.xcdatamodeld */,
			);
			path = APITemp;
			sourceTree = "<group>";
		};
		A573A23A1F17393700C401D6 /* APITempTests */ = {
			isa = PBXGroup;
			children = (
				A573A23B1F17393700C401D6 /* APITempTests.swift */,
				A573A23D1F17393700C401D6 /* Info.plist */,
			);
			path = APITempTests;
			sourceTree = "<group>";
		};
		A573A2451F17393700C401D6 /* APITempUITests */ = {
			isa = PBXGroup;
			children = (
				A573A2461F17393700C401D6 /* APITempUITests.swift */,
				A573A2481F17393700C401D6 /* Info.plist */,
			);
			path = APITempUITests;
			sourceTree = "<group>";
		};
		A573A2561F173A7D00C401D6 /* Static Files */ = {
			isa = PBXGroup;
			children = (
				A573A2541F173A6B00C401D6 /* Constants.swift */,
			);
			name = "Static Files";
			sourceTree = "<group>";
		};
		A573A2571F173CFC00C401D6 /* ViewController */ = {
			isa = PBXGroup;
			children = (
				A573A2251F17393700C401D6 /* ViewController.swift */,
			);
			name = ViewController;
			sourceTree = "<group>";
		};
		A573A2581F173D1700C401D6 /* Controller */ = {
			isa = PBXGroup;
			children = (
				A573A2591F173D2600C401D6 /* Controller.swift */,
			);
			name = Controller;
			sourceTree = "<group>";
		};
		A573A25B1F17466400C401D6 /* Models */ = {
			isa = PBXGroup;
			children = (
				A573A25C1F17468100C401D6 /* Movie.swift */,
			);
			name = Models;
			sourceTree = "<group>";
		};
		A5B3F6DA1F17774C00C62889 /* Protocol */ = {
			isa = PBXGroup;
			children = (
				A5B3F6DB1F1777F100C62889 /* Protocol.swift */,
			);
			name = Protocol;
			sourceTree = "<group>";
		};
/* End PBXGroup section */

/* Begin PBXNativeTarget section */
		A573A21F1F17393600C401D6 /* APITemp */ = {
			isa = PBXNativeTarget;
			buildConfigurationList = A573A24B1F17393700C401D6 /* Build configuration list for PBXNativeTarget "APITemp" */;
			buildPhases = (
				5CEC34AE0BCB57A98F7B99EA /* [CP] Check Pods Manifest.lock */,
				A573A21C1F17393600C401D6 /* Sources */,
				A573A21D1F17393600C401D6 /* Frameworks */,
				A573A21E1F17393600C401D6 /* Resources */,
				2DB0E5C720A760133C6A0CAE /* [CP] Embed Pods Frameworks */,
				806550436175F4A3B2D0CFBA /* [CP] Copy Pods Resources */,
			);
			buildRules = (
			);
			dependencies = (
			);
			name = APITemp;
			productName = APITemp;
			productReference = A573A2201F17393600C401D6 /* APITemp.app */;
			productType = "com.apple.product-type.application";
		};
		A573A2361F17393700C401D6 /* APITempTests */ = {
			isa = PBXNativeTarget;
			buildConfigurationList = A573A24E1F17393700C401D6 /* Build configuration list for PBXNativeTarget "APITempTests" */;
			buildPhases = (
				A573A2331F17393700C401D6 /* Sources */,
				A573A2341F17393700C401D6 /* Frameworks */,
				A573A2351F17393700C401D6 /* Resources */,
			);
			buildRules = (
			);
			dependencies = (
				A573A2391F17393700C401D6 /* PBXTargetDependency */,
			);
			name = APITempTests;
			productName = APITempTests;
			productReference = A573A2371F17393700C401D6 /* APITempTests.xctest */;
			productType = "com.apple.product-type.bundle.unit-test";
		};
		A573A2411F17393700C401D6 /* APITempUITests */ = {
			isa = PBXNativeTarget;
			buildConfigurationList = A573A2511F17393700C401D6 /* Build configuration list for PBXNativeTarget "APITempUITests" */;
			buildPhases = (
				A573A23E1F17393700C401D6 /* Sources */,
				A573A23F1F17393700C401D6 /* Frameworks */,
				A573A2401F17393700C401D6 /* Resources */,
			);
			buildRules = (
			);
			dependencies = (
				A573A2441F17393700C401D6 /* PBXTargetDependency */,
			);
			name = APITempUITests;
			productName = APITempUITests;
			productReference = A573A2421F17393700C401D6 /* APITempUITests.xctest */;
			productType = "com.apple.product-type.bundle.ui-testing";
		};
/* End PBXNativeTarget section */

/* Begin PBXProject section */
		A573A2181F17393600C401D6 /* Project object */ = {
			isa = PBXProject;
			attributes = {
				LastSwiftUpdateCheck = 0830;
				LastUpgradeCheck = 0830;
				ORGANIZATIONNAME = rukmani;
				TargetAttributes = {
					A573A21F1F17393600C401D6 = {
						CreatedOnToolsVersion = 8.3.3;
						ProvisioningStyle = Automatic;
					};
					A573A2361F17393700C401D6 = {
						CreatedOnToolsVersion = 8.3.3;
						ProvisioningStyle = Automatic;
						TestTargetID = A573A21F1F17393600C401D6;
					};
					A573A2411F17393700C401D6 = {
						CreatedOnToolsVersion = 8.3.3;
						ProvisioningStyle = Automatic;
						TestTargetID = A573A21F1F17393600C401D6;
					};
				};
			};
			buildConfigurationList = A573A21B1F17393600C401D6 /* Build configuration list for PBXProject "APITemp" */;
			compatibilityVersion = "Xcode 3.2";
			developmentRegion = English;
			hasScannedForEncodings = 0;
			knownRegions = (
				en,
				Base,
			);
			mainGroup = A573A2171F17393600C401D6;
			productRefGroup = A573A2211F17393600C401D6 /* Products */;
			projectDirPath = "";
			projectRoot = "";
			targets = (
				A573A21F1F17393600C401D6 /* APITemp */,
				A573A2361F17393700C401D6 /* APITempTests */,
				A573A2411F17393700C401D6 /* APITempUITests */,
			);
		};
/* End PBXProject section */

/* Begin PBXResourcesBuildPhase section */
		A573A21E1F17393600C401D6 /* Resources */ = {
			isa = PBXResourcesBuildPhase;
			buildActionMask = 2147483647;
			files = (
				A573A2311F17393700C401D6 /* LaunchScreen.storyboard in Resources */,
				A573A22E1F17393700C401D6 /* Assets.xcassets in Resources */,
				A573A2291F17393700C401D6 /* Main.storyboard in Resources */,
			);
			runOnlyForDeploymentPostprocessing = 0;
		};
		A573A2351F17393700C401D6 /* Resources */ = {
			isa = PBXResourcesBuildPhase;
			buildActionMask = 2147483647;
			files = (
			);
			runOnlyForDeploymentPostprocessing = 0;
		};
		A573A2401F17393700C401D6 /* Resources */ = {
			isa = PBXResourcesBuildPhase;
			buildActionMask = 2147483647;
			files = (
			);
			runOnlyForDeploymentPostprocessing = 0;
		};
/* End PBXResourcesBuildPhase section */

/* Begin PBXShellScriptBuildPhase section */
		2DB0E5C720A760133C6A0CAE /* [CP] Embed Pods Frameworks */ = {
			isa = PBXShellScriptBuildPhase;
			buildActionMask = 2147483647;
			files = (
			);
			inputPaths = (
			);
			name = "[CP] Embed Pods Frameworks";
			outputPaths = (
			);
			runOnlyForDeploymentPostprocessing = 0;
			shellPath = /bin/sh;
			shellScript = "\"${SRCROOT}/Pods/Target Support Files/Pods-APITemp/Pods-APITemp-frameworks.sh\"\n";
			showEnvVarsInLog = 0;
		};
		5CEC34AE0BCB57A98F7B99EA /* [CP] Check Pods Manifest.lock */ = {
			isa = PBXShellScriptBuildPhase;
			buildActionMask = 2147483647;
			files = (
			);
			inputPaths = (
			);
			name = "[CP] Check Pods Manifest.lock";
			outputPaths = (
			);
			runOnlyForDeploymentPostprocessing = 0;
			shellPath = /bin/sh;
			shellScript = "diff \"${PODS_ROOT}/../Podfile.lock\" \"${PODS_ROOT}/Manifest.lock\" > /dev/null\nif [ $? != 0 ] ; then\n    # print error to STDERR\n    echo \"error: The sandbox is not in sync with the Podfile.lock. Run 'pod install' or update your CocoaPods installation.\" >&2\n    exit 1\nfi\n";
			showEnvVarsInLog = 0;
		};
		806550436175F4A3B2D0CFBA /* [CP] Copy Pods Resources */ = {
			isa = PBXShellScriptBuildPhase;
			buildActionMask = 2147483647;
			files = (
			);
			inputPaths = (
			);
			name = "[CP] Copy Pods Resources";
			outputPaths = (
			);
			runOnlyForDeploymentPostprocessing = 0;
			shellPath = /bin/sh;
			shellScript = "\"${SRCROOT}/Pods/Target Support Files/Pods-APITemp/Pods-APITemp-resources.sh\"\n";
			showEnvVarsInLog = 0;
		};
/* End PBXShellScriptBuildPhase section */

/* Begin PBXSourcesBuildPhase section */
		A573A21C1F17393600C401D6 /* Sources */ = {
			isa = PBXSourcesBuildPhase;
			buildActionMask = 2147483647;
			files = (
				A573A25A1F173D2600C401D6 /* Controller.swift in Sources */,
				A573A2261F17393700C401D6 /* ViewController.swift in Sources */,
				A573A25D1F17468100C401D6 /* Movie.swift in Sources */,
				A5B3F6DC1F1777F100C62889 /* Protocol.swift in Sources */,
				A573A22C1F17393700C401D6 /* APITemp.xcdatamodeld in Sources */,
				A573A2241F17393700C401D6 /* AppDelegate.swift in Sources */,
				A573A2551F173A6B00C401D6 /* Constants.swift in Sources */,
			);
			runOnlyForDeploymentPostprocessing = 0;
		};
		A573A2331F17393700C401D6 /* Sources */ = {
			isa = PBXSourcesBuildPhase;
			buildActionMask = 2147483647;
			files = (
				A573A23C1F17393700C401D6 /* APITempTests.swift in Sources */,
			);
			runOnlyForDeploymentPostprocessing = 0;
		};
		A573A23E1F17393700C401D6 /* Sources */ = {
			isa = PBXSourcesBuildPhase;
			buildActionMask = 2147483647;
			files = (
				A573A2471F17393700C401D6 /* APITempUITests.swift in Sources */,
			);
			runOnlyForDeploymentPostprocessing = 0;
		};
/* End PBXSourcesBuildPhase section */

/* Begin PBXTargetDependency section */
		A573A2391F17393700C401D6 /* PBXTargetDependency */ = {
			isa = PBXTargetDependency;
			target = A573A21F1F17393600C401D6 /* APITemp */;
			targetProxy = A573A2381F17393700C401D6 /* PBXContainerItemProxy */;
		};
		A573A2441F17393700C401D6 /* PBXTargetDependency */ = {
			isa = PBXTargetDependency;
			target = A573A21F1F17393600C401D6 /* APITemp */;
			targetProxy = A573A2431F17393700C401D6 /* PBXContainerItemProxy */;
		};
/* End PBXTargetDependency section */

/* Begin PBXVariantGroup section */
		A573A2271F17393700C401D6 /* Main.storyboard */ = {
			isa = PBXVariantGroup;
			children = (
				A573A2281F17393700C401D6 /* Base */,
			);
			name = Main.storyboard;
			sourceTree = "<group>";
		};
		A573A22F1F17393700C401D6 /* LaunchScreen.storyboard */ = {
			isa = PBXVariantGroup;
			children = (
				A573A2301F17393700C401D6 /* Base */,
			);
			name = LaunchScreen.storyboard;
			sourceTree = "<group>";
		};
/* End PBXVariantGroup section */

/* Begin XCBuildConfiguration section */
		A573A2491F17393700C401D6 /* Debug */ = {
			isa = XCBuildConfiguration;
			buildSettings = {
				ALWAYS_SEARCH_USER_PATHS = NO;
				CLANG_ANALYZER_NONNULL = YES;
				CLANG_ANALYZER_NUMBER_OBJECT_CONVERSION = YES_AGGRESSIVE;
				CLANG_CXX_LANGUAGE_STANDARD = "gnu++0x";
				CLANG_CXX_LIBRARY = "libc++";
				CLANG_ENABLE_MODULES = YES;
				CLANG_ENABLE_OBJC_ARC = YES;
				CLANG_WARN_BOOL_CONVERSION = YES;
				CLANG_WARN_CONSTANT_CONVERSION = YES;
				CLANG_WARN_DIRECT_OBJC_ISA_USAGE = YES_ERROR;
				CLANG_WARN_DOCUMENTATION_COMMENTS = YES;
				CLANG_WARN_EMPTY_BODY = YES;
				CLANG_WARN_ENUM_CONVERSION = YES;
				CLANG_WARN_INFINITE_RECURSION = YES;
				CLANG_WARN_INT_CONVERSION = YES;
				CLANG_WARN_OBJC_ROOT_CLASS = YES_ERROR;
				CLANG_WARN_SUSPICIOUS_MOVE = YES;
				CLANG_WARN_UNREACHABLE_CODE = YES;
				CLANG_WARN__DUPLICATE_METHOD_MATCH = YES;
				"CODE_SIGN_IDENTITY[sdk=iphoneos*]" = "iPhone Developer";
				COPY_PHASE_STRIP = NO;
				DEBUG_INFORMATION_FORMAT = dwarf;
				ENABLE_STRICT_OBJC_MSGSEND = YES;
				ENABLE_TESTABILITY = YES;
				GCC_C_LANGUAGE_STANDARD = gnu99;
				GCC_DYNAMIC_NO_PIC = NO;
				GCC_NO_COMMON_BLOCKS = YES;
				GCC_OPTIMIZATION_LEVEL = 0;
				GCC_PREPROCESSOR_DEFINITIONS = (
					"DEBUG=1",
					"$(inherited)",
				);
				GCC_WARN_64_TO_32_BIT_CONVERSION = YES;
				GCC_WARN_ABOUT_RETURN_TYPE = YES_ERROR;
				GCC_WARN_UNDECLARED_SELECTOR = YES;
				GCC_WARN_UNINITIALIZED_AUTOS = YES_AGGRESSIVE;
				GCC_WARN_UNUSED_FUNCTION = YES;
				GCC_WARN_UNUSED_VARIABLE = YES;
				IPHONEOS_DEPLOYMENT_TARGET = 10.3;
				MTL_ENABLE_DEBUG_INFO = YES;
				ONLY_ACTIVE_ARCH = YES;
				SDKROOT = iphoneos;
				SWIFT_ACTIVE_COMPILATION_CONDITIONS = DEBUG;
				SWIFT_OPTIMIZATION_LEVEL = "-Onone";
				TARGETED_DEVICE_FAMILY = "1,2";
			};
			name = Debug;
		};
		A573A24A1F17393700C401D6 /* Release */ = {
			isa = XCBuildConfiguration;
			buildSettings = {
				ALWAYS_SEARCH_USER_PATHS = NO;
				CLANG_ANALYZER_NONNULL = YES;
				CLANG_ANALYZER_NUMBER_OBJECT_CONVERSION = YES_AGGRESSIVE;
				CLANG_CXX_LANGUAGE_STANDARD = "gnu++0x";
				CLANG_CXX_LIBRARY = "libc++";
				CLANG_ENABLE_MODULES = YES;
				CLANG_ENABLE_OBJC_ARC = YES;
				CLANG_WARN_BOOL_CONVERSION = YES;
				CLANG_WARN_CONSTANT_CONVERSION = YES;
				CLANG_WARN_DIRECT_OBJC_ISA_USAGE = YES_ERROR;
				CLANG_WARN_DOCUMENTATION_COMMENTS = YES;
				CLANG_WARN_EMPTY_BODY = YES;
				CLANG_WARN_ENUM_CONVERSION = YES;
				CLANG_WARN_INFINITE_RECURSION = YES;
				CLANG_WARN_INT_CONVERSION = YES;
				CLANG_WARN_OBJC_ROOT_CLASS = YES_ERROR;
				CLANG_WARN_SUSPICIOUS_MOVE = YES;
				CLANG_WARN_UNREACHABLE_CODE = YES;
				CLANG_WARN__DUPLICATE_METHOD_MATCH = YES;
				"CODE_SIGN_IDENTITY[sdk=iphoneos*]" = "iPhone Developer";
				COPY_PHASE_STRIP = NO;
				DEBUG_INFORMATION_FORMAT = "dwarf-with-dsym";
				ENABLE_NS_ASSERTIONS = NO;
				ENABLE_STRICT_OBJC_MSGSEND = YES;
				GCC_C_LANGUAGE_STANDARD = gnu99;
				GCC_NO_COMMON_BLOCKS = YES;
				GCC_WARN_64_TO_32_BIT_CONVERSION = YES;
				GCC_WARN_ABOUT_RETURN_TYPE = YES_ERROR;
				GCC_WARN_UNDECLARED_SELECTOR = YES;
				GCC_WARN_UNINITIALIZED_AUTOS = YES_AGGRESSIVE;
				GCC_WARN_UNUSED_FUNCTION = YES;
				GCC_WARN_UNUSED_VARIABLE = YES;
				IPHONEOS_DEPLOYMENT_TARGET = 10.3;
				MTL_ENABLE_DEBUG_INFO = NO;
				SDKROOT = iphoneos;
				SWIFT_OPTIMIZATION_LEVEL = "-Owholemodule";
				TARGETED_DEVICE_FAMILY = "1,2";
				VALIDATE_PRODUCT = YES;
			};
			name = Release;
		};
		A573A24C1F17393700C401D6 /* Debug */ = {
			isa = XCBuildConfiguration;
			baseConfigurationReference = 620C40569F562AE53B632913 /* Pods-APITemp.debug.xcconfig */;
			buildSettings = {
				ASSETCATALOG_COMPILER_APPICON_NAME = AppIcon;
				INFOPLIST_FILE = APITemp/Info.plist;
				LD_RUNPATH_SEARCH_PATHS = "$(inherited) @executable_path/Frameworks";
				PRODUCT_BUNDLE_IDENTIFIER = rukmani.APITemp;
				PRODUCT_NAME = "$(TARGET_NAME)";
				SWIFT_VERSION = 3.0;
			};
			name = Debug;
		};
		A573A24D1F17393700C401D6 /* Release */ = {
			isa = XCBuildConfiguration;
			baseConfigurationReference = CED9E3FDA9489F87D949045A /* Pods-APITemp.release.xcconfig */;
			buildSettings = {
				ASSETCATALOG_COMPILER_APPICON_NAME = AppIcon;
				INFOPLIST_FILE = APITemp/Info.plist;
				LD_RUNPATH_SEARCH_PATHS = "$(inherited) @executable_path/Frameworks";
				PRODUCT_BUNDLE_IDENTIFIER = rukmani.APITemp;
				PRODUCT_NAME = "$(TARGET_NAME)";
				SWIFT_VERSION = 3.0;
			};
			name = Release;
		};
		A573A24F1F17393700C401D6 /* Debug */ = {
			isa = XCBuildConfiguration;
			buildSettings = {
				ALWAYS_EMBED_SWIFT_STANDARD_LIBRARIES = YES;
				BUNDLE_LOADER = "$(TEST_HOST)";
				INFOPLIST_FILE = APITempTests/Info.plist;
				LD_RUNPATH_SEARCH_PATHS = "$(inherited) @executable_path/Frameworks @loader_path/Frameworks";
				PRODUCT_BUNDLE_IDENTIFIER = rukmani.APITempTests;
				PRODUCT_NAME = "$(TARGET_NAME)";
				SWIFT_VERSION = 3.0;
				TEST_HOST = "$(BUILT_PRODUCTS_DIR)/APITemp.app/APITemp";
			};
			name = Debug;
		};
		A573A2501F17393700C401D6 /* Release */ = {
			isa = XCBuildConfiguration;
			buildSettings = {
				ALWAYS_EMBED_SWIFT_STANDARD_LIBRARIES = YES;
				BUNDLE_LOADER = "$(TEST_HOST)";
				INFOPLIST_FILE = APITempTests/Info.plist;
				LD_RUNPATH_SEARCH_PATHS = "$(inherited) @executable_path/Frameworks @loader_path/Frameworks";
				PRODUCT_BUNDLE_IDENTIFIER = rukmani.APITempTests;
				PRODUCT_NAME = "$(TARGET_NAME)";
				SWIFT_VERSION = 3.0;
				TEST_HOST = "$(BUILT_PRODUCTS_DIR)/APITemp.app/APITemp";
			};
			name = Release;
		};
		A573A2521F17393700C401D6 /* Debug */ = {
			isa = XCBuildConfiguration;
			buildSettings = {
				ALWAYS_EMBED_SWIFT_STANDARD_LIBRARIES = YES;
				INFOPLIST_FILE = APITempUITests/Info.plist;
				LD_RUNPATH_SEARCH_PATHS = "$(inherited) @executable_path/Frameworks @loader_path/Frameworks";
				PRODUCT_BUNDLE_IDENTIFIER = rukmani.APITempUITests;
				PRODUCT_NAME = "$(TARGET_NAME)";
				SWIFT_VERSION = 3.0;
				TEST_TARGET_NAME = APITemp;
			};
			name = Debug;
		};
		A573A2531F17393700C401D6 /* Release */ = {
			isa = XCBuildConfiguration;
			buildSettings = {
				ALWAYS_EMBED_SWIFT_STANDARD_LIBRARIES = YES;
				INFOPLIST_FILE = APITempUITests/Info.plist;
				LD_RUNPATH_SEARCH_PATHS = "$(inherited) @executable_path/Frameworks @loader_path/Frameworks";
				PRODUCT_BUNDLE_IDENTIFIER = rukmani.APITempUITests;
				PRODUCT_NAME = "$(TARGET_NAME)";
				SWIFT_VERSION = 3.0;
				TEST_TARGET_NAME = APITemp;
			};
			name = Release;
		};
/* End XCBuildConfiguration section */

/* Begin XCConfigurationList section */
		A573A21B1F17393600C401D6 /* Build configuration list for PBXProject "APITemp" */ = {
			isa = XCConfigurationList;
			buildConfigurations = (
				A573A2491F17393700C401D6 /* Debug */,
				A573A24A1F17393700C401D6 /* Release */,
			);
			defaultConfigurationIsVisible = 0;
			defaultConfigurationName = Release;
		};
		A573A24B1F17393700C401D6 /* Build configuration list for PBXNativeTarget "APITemp" */ = {
			isa = XCConfigurationList;
			buildConfigurations = (
				A573A24C1F17393700C401D6 /* Debug */,
				A573A24D1F17393700C401D6 /* Release */,
			);
			defaultConfigurationIsVisible = 0;
			defaultConfigurationName = Release;
		};
		A573A24E1F17393700C401D6 /* Build configuration list for PBXNativeTarget "APITempTests" */ = {
			isa = XCConfigurationList;
			buildConfigurations = (
				A573A24F1F17393700C401D6 /* Debug */,
				A573A2501F17393700C401D6 /* Release */,
			);
			defaultConfigurationIsVisible = 0;
			defaultConfigurationName = Release;
		};
		A573A2511F17393700C401D6 /* Build configuration list for PBXNativeTarget "APITempUITests" */ = {
			isa = XCConfigurationList;
			buildConfigurations = (
				A573A2521F17393700C401D6 /* Debug */,
				A573A2531F17393700C401D6 /* Release */,
			);
			defaultConfigurationIsVisible = 0;
			defaultConfigurationName = Release;
		};
/* End XCConfigurationList section */

/* Begin XCVersionGroup section */
		A573A22A1F17393700C401D6 /* APITemp.xcdatamodeld */ = {
			isa = XCVersionGroup;
			children = (
				A573A22B1F17393700C401D6 /* APITemp.xcdatamodel */,
			);
			currentVersion = A573A22B1F17393700C401D6 /* APITemp.xcdatamodel */;
			path = APITemp.xcdatamodeld;
			sourceTree = "<group>";
			versionGroupType = wrapper.xcdatamodel;
		};
/* End XCVersionGroup section */
	};
	rootObject = A573A2181F17393600C401D6 /* Project object */;
}
